// !$*UTF8*$!
{
	archiveVersion = 1;
	classes = {
	};
	objectVersion = 56;
	objects = {

/* Begin PBXBuildFile section */
		4E8A501C2B9205DD000D1E64 /* ImageCropperApp.swift in Sources */ = {isa = PBXBuildFile; fileRef = 4E8A501B2B9205DD000D1E64 /* ImageCropperApp.swift */; };
		4E8A501E2B9205DD000D1E64 /* ContentView.swift in Sources */ = {isa = PBXBuildFile; fileRef = 4E8A501D2B9205DD000D1E64 /* ContentView.swift */; };
		4E8A50202B9205E1000D1E64 /* Assets.xcassets in Resources */ = {isa = PBXBuildFile; fileRef = 4E8A501F2B9205E1000D1E64 /* Assets.xcassets */; };
		4E8A50232B9205E1000D1E64 /* Preview Assets.xcassets in Resources */ = {isa = PBXBuildFile; fileRef = 4E8A50222B9205E1000D1E64 /* Preview Assets.xcassets */; };
		4E8A502D2B9205E1000D1E64 /* ImageCropperTests.swift in Sources */ = {isa = PBXBuildFile; fileRef = 4E8A502C2B9205E1000D1E64 /* ImageCropperTests.swift */; };
		4E8A50372B9205E1000D1E64 /* ImageCropperUITests.swift in Sources */ = {isa = PBXBuildFile; fileRef = 4E8A50362B9205E1000D1E64 /* ImageCropperUITests.swift */; };
		4E8A50392B9205E1000D1E64 /* ImageCropperUITestsLaunchTests.swift in Sources */ = {isa = PBXBuildFile; fileRef = 4E8A50382B9205E1000D1E64 /* ImageCropperUITestsLaunchTests.swift */; };
		4E8A50462B92061A000D1E64 /* ImageCropper.swift in Sources */ = {isa = PBXBuildFile; fileRef = 4E8A50452B92061A000D1E64 /* ImageCropper.swift */; };
		4E8A50482B920638000D1E64 /* ImageCropperView.swift in Sources */ = {isa = PBXBuildFile; fileRef = 4E8A50472B920638000D1E64 /* ImageCropperView.swift */; };
		4E8A504A2B920A01000D1E64 /* Logger.swift in Sources */ = {isa = PBXBuildFile; fileRef = 4E8A50492B920A01000D1E64 /* Logger.swift */; };
		4E8A504D2B920A50000D1E64 /* SwiftyBeaver in Frameworks */ = {isa = PBXBuildFile; productRef = 4E8A504C2B920A50000D1E64 /* SwiftyBeaver */; };
		4E8A504F2B920A92000D1E64 /* LogError.swift in Sources */ = {isa = PBXBuildFile; fileRef = 4E8A504E2B920A92000D1E64 /* LogError.swift */; };
		4E8A50512B920C98000D1E64 /* CGPoint+Extensions.swift in Sources */ = {isa = PBXBuildFile; fileRef = 4E8A50502B920C98000D1E64 /* CGPoint+Extensions.swift */; };
/* End PBXBuildFile section */

/* Begin PBXContainerItemProxy section */
		4E8A50292B9205E1000D1E64 /* PBXContainerItemProxy */ = {
			isa = PBXContainerItemProxy;
			containerPortal = 4E8A50102B9205DD000D1E64 /* Project object */;
			proxyType = 1;
			remoteGlobalIDString = 4E8A50172B9205DD000D1E64;
			remoteInfo = ImageCropper;
		};
		4E8A50332B9205E1000D1E64 /* PBXContainerItemProxy */ = {
			isa = PBXContainerItemProxy;
			containerPortal = 4E8A50102B9205DD000D1E64 /* Project object */;
			proxyType = 1;
			remoteGlobalIDString = 4E8A50172B9205DD000D1E64;
			remoteInfo = ImageCropper;
		};
/* End PBXContainerItemProxy section */

/* Begin PBXFileReference section */
		4E8A50182B9205DD000D1E64 /* ImageCropper.app */ = {isa = PBXFileReference; explicitFileType = wrapper.application; includeInIndex = 0; path = ImageCropper.app; sourceTree = BUILT_PRODUCTS_DIR; };
		4E8A501B2B9205DD000D1E64 /* ImageCropperApp.swift */ = {isa = PBXFileReference; lastKnownFileType = sourcecode.swift; path = ImageCropperApp.swift; sourceTree = "<group>"; };
		4E8A501D2B9205DD000D1E64 /* ContentView.swift */ = {isa = PBXFileReference; lastKnownFileType = sourcecode.swift; path = ContentView.swift; sourceTree = "<group>"; };
		4E8A501F2B9205E1000D1E64 /* Assets.xcassets */ = {isa = PBXFileReference; lastKnownFileType = folder.assetcatalog; path = Assets.xcassets; sourceTree = "<group>"; };
		4E8A50222B9205E1000D1E64 /* Preview Assets.xcassets */ = {isa = PBXFileReference; lastKnownFileType = folder.assetcatalog; path = "Preview Assets.xcassets"; sourceTree = "<group>"; };
		4E8A50282B9205E1000D1E64 /* ImageCropperTests.xctest */ = {isa = PBXFileReference; explicitFileType = wrapper.cfbundle; includeInIndex = 0; path = ImageCropperTests.xctest; sourceTree = BUILT_PRODUCTS_DIR; };
		4E8A502C2B9205E1000D1E64 /* ImageCropperTests.swift */ = {isa = PBXFileReference; lastKnownFileType = sourcecode.swift; path = ImageCropperTests.swift; sourceTree = "<group>"; };
		4E8A50322B9205E1000D1E64 /* ImageCropperUITests.xctest */ = {isa = PBXFileReference; explicitFileType = wrapper.cfbundle; includeInIndex = 0; path = ImageCropperUITests.xctest; sourceTree = BUILT_PRODUCTS_DIR; };
		4E8A50362B9205E1000D1E64 /* ImageCropperUITests.swift */ = {isa = PBXFileReference; lastKnownFileType = sourcecode.swift; path = ImageCropperUITests.swift; sourceTree = "<group>"; };
		4E8A50382B9205E1000D1E64 /* ImageCropperUITestsLaunchTests.swift */ = {isa = PBXFileReference; lastKnownFileType = sourcecode.swift; path = ImageCropperUITestsLaunchTests.swift; sourceTree = "<group>"; };
		4E8A50452B92061A000D1E64 /* ImageCropper.swift */ = {isa = PBXFileReference; lastKnownFileType = sourcecode.swift; path = ImageCropper.swift; sourceTree = "<group>"; };
		4E8A50472B920638000D1E64 /* ImageCropperView.swift */ = {isa = PBXFileReference; lastKnownFileType = sourcecode.swift; path = ImageCropperView.swift; sourceTree = "<group>"; };
		4E8A50492B920A01000D1E64 /* Logger.swift */ = {isa = PBXFileReference; lastKnownFileType = sourcecode.swift; path = Logger.swift; sourceTree = "<group>"; };
		4E8A504E2B920A92000D1E64 /* LogError.swift */ = {isa = PBXFileReference; lastKnownFileType = sourcecode.swift; path = LogError.swift; sourceTree = "<group>"; };
		4E8A50502B920C98000D1E64 /* CGPoint+Extensions.swift */ = {isa = PBXFileReference; lastKnownFileType = sourcecode.swift; path = "CGPoint+Extensions.swift"; sourceTree = "<group>"; };
/* End PBXFileReference section */

/* Begin PBXFrameworksBuildPhase section */
		4E8A50152B9205DD000D1E64 /* Frameworks */ = {
			isa = PBXFrameworksBuildPhase;
			buildActionMask = 2147483647;
			files = (
				4E8A504D2B920A50000D1E64 /* SwiftyBeaver in Frameworks */,
			);
			runOnlyForDeploymentPostprocessing = 0;
		};
		4E8A50252B9205E1000D1E64 /* Frameworks */ = {
			isa = PBXFrameworksBuildPhase;
			buildActionMask = 2147483647;
			files = (
			);
			runOnlyForDeploymentPostprocessing = 0;
		};
		4E8A502F2B9205E1000D1E64 /* Frameworks */ = {
			isa = PBXFrameworksBuildPhase;
			buildActionMask = 2147483647;
			files = (
			);
			runOnlyForDeploymentPostprocessing = 0;
		};
/* End PBXFrameworksBuildPhase section */

/* Begin PBXGroup section */
		4E8A500F2B9205DD000D1E64 = {
			isa = PBXGroup;
			children = (
				4E8A501A2B9205DD000D1E64 /* ImageCropper */,
				4E8A502B2B9205E1000D1E64 /* ImageCropperTests */,
				4E8A50352B9205E1000D1E64 /* ImageCropperUITests */,
				4E8A50192B9205DD000D1E64 /* Products */,
			);
			sourceTree = "<group>";
		};
		4E8A50192B9205DD000D1E64 /* Products */ = {
			isa = PBXGroup;
			children = (
				4E8A50182B9205DD000D1E64 /* ImageCropper.app */,
				4E8A50282B9205E1000D1E64 /* ImageCropperTests.xctest */,
				4E8A50322B9205E1000D1E64 /* ImageCropperUITests.xctest */,
			);
			name = Products;
			sourceTree = "<group>";
		};
		4E8A501A2B9205DD000D1E64 /* ImageCropper */ = {
			isa = PBXGroup;
			children = (
				4E8A501B2B9205DD000D1E64 /* ImageCropperApp.swift */,
				4E8A501D2B9205DD000D1E64 /* ContentView.swift */,
				4E8A50452B92061A000D1E64 /* ImageCropper.swift */,
				4E8A50472B920638000D1E64 /* ImageCropperView.swift */,
				4E8A50492B920A01000D1E64 /* Logger.swift */,
				4E8A504E2B920A92000D1E64 /* LogError.swift */,
				4E8A50502B920C98000D1E64 /* CGPoint+Extensions.swift */,
				4E8A501F2B9205E1000D1E64 /* Assets.xcassets */,
				4E8A50212B9205E1000D1E64 /* Preview Content */,
			);
			path = ImageCropper;
			sourceTree = "<group>";
		};
		4E8A50212B9205E1000D1E64 /* Preview Content */ = {
			isa = PBXGroup;
			children = (
				4E8A50222B9205E1000D1E64 /* Preview Assets.xcassets */,
			);
			path = "Preview Content";
			sourceTree = "<group>";
		};
		4E8A502B2B9205E1000D1E64 /* ImageCropperTests */ = {
			isa = PBXGroup;
			children = (
				4E8A502C2B9205E1000D1E64 /* ImageCropperTests.swift */,
			);
			path = ImageCropperTests;
			sourceTree = "<group>";
		};
		4E8A50352B9205E1000D1E64 /* ImageCropperUITests */ = {
			isa = PBXGroup;
			children = (
				4E8A50362B9205E1000D1E64 /* ImageCropperUITests.swift */,
				4E8A50382B9205E1000D1E64 /* ImageCropperUITestsLaunchTests.swift */,
			);
			path = ImageCropperUITests;
			sourceTree = "<group>";
		};
/* End PBXGroup section */

/* Begin PBXNativeTarget section */
		4E8A50172B9205DD000D1E64 /* ImageCropper */ = {
			isa = PBXNativeTarget;
			buildConfigurationList = 4E8A503C2B9205E1000D1E64 /* Build configuration list for PBXNativeTarget "ImageCropper" */;
			buildPhases = (
				4E8A50142B9205DD000D1E64 /* Sources */,
				4E8A50152B9205DD000D1E64 /* Frameworks */,
				4E8A50162B9205DD000D1E64 /* Resources */,
			);
			buildRules = (
			);
			dependencies = (
			);
			name = ImageCropper;
			packageProductDependencies = (
				4E8A504C2B920A50000D1E64 /* SwiftyBeaver */,
			);
			productName = ImageCropper;
			productReference = 4E8A50182B9205DD000D1E64 /* ImageCropper.app */;
			productType = "com.apple.product-type.application";
		};
		4E8A50272B9205E1000D1E64 /* ImageCropperTests */ = {
			isa = PBXNativeTarget;
			buildConfigurationList = 4E8A503F2B9205E2000D1E64 /* Build configuration list for PBXNativeTarget "ImageCropperTests" */;
			buildPhases = (
				4E8A50242B9205E1000D1E64 /* Sources */,
				4E8A50252B9205E1000D1E64 /* Frameworks */,
				4E8A50262B9205E1000D1E64 /* Resources */,
			);
			buildRules = (
			);
			dependencies = (
				4E8A502A2B9205E1000D1E64 /* PBXTargetDependency */,
			);
			name = ImageCropperTests;
			productName = ImageCropperTests;
			productReference = 4E8A50282B9205E1000D1E64 /* ImageCropperTests.xctest */;
			productType = "com.apple.product-type.bundle.unit-test";
		};
		4E8A50312B9205E1000D1E64 /* ImageCropperUITests */ = {
			isa = PBXNativeTarget;
			buildConfigurationList = 4E8A50422B9205E2000D1E64 /* Build configuration list for PBXNativeTarget "ImageCropperUITests" */;
			buildPhases = (
				4E8A502E2B9205E1000D1E64 /* Sources */,
				4E8A502F2B9205E1000D1E64 /* Frameworks */,
				4E8A50302B9205E1000D1E64 /* Resources */,
			);
			buildRules = (
			);
			dependencies = (
				4E8A50342B9205E1000D1E64 /* PBXTargetDependency */,
			);
			name = ImageCropperUITests;
			productName = ImageCropperUITests;
			productReference = 4E8A50322B9205E1000D1E64 /* ImageCropperUITests.xctest */;
			productType = "com.apple.product-type.bundle.ui-testing";
		};
/* End PBXNativeTarget section */

/* Begin PBXProject section */
		4E8A50102B9205DD000D1E64 /* Project object */ = {
			isa = PBXProject;
			attributes = {
				BuildIndependentTargetsInParallel = 1;
				LastSwiftUpdateCheck = 1520;
				LastUpgradeCheck = 1520;
				TargetAttributes = {
					4E8A50172B9205DD000D1E64 = {
						CreatedOnToolsVersion = 15.2;
					};
					4E8A50272B9205E1000D1E64 = {
						CreatedOnToolsVersion = 15.2;
						TestTargetID = 4E8A50172B9205DD000D1E64;
					};
					4E8A50312B9205E1000D1E64 = {
						CreatedOnToolsVersion = 15.2;
						TestTargetID = 4E8A50172B9205DD000D1E64;
					};
				};
			};
			buildConfigurationList = 4E8A50132B9205DD000D1E64 /* Build configuration list for PBXProject "ImageCropper" */;
			compatibilityVersion = "Xcode 14.0";
			developmentRegion = en;
			hasScannedForEncodings = 0;
			knownRegions = (
				en,
				Base,
			);
			mainGroup = 4E8A500F2B9205DD000D1E64;
			packageReferences = (
				4E8A504B2B920A50000D1E64 /* XCRemoteSwiftPackageReference "SwiftyBeaver" */,
			);
			productRefGroup = 4E8A50192B9205DD000D1E64 /* Products */;
			projectDirPath = "";
			projectRoot = "";
			targets = (
				4E8A50172B9205DD000D1E64 /* ImageCropper */,
				4E8A50272B9205E1000D1E64 /* ImageCropperTests */,
				4E8A50312B9205E1000D1E64 /* ImageCropperUITests */,
			);
		};
/* End PBXProject section */

/* Begin PBXResourcesBuildPhase section */
		4E8A50162B9205DD000D1E64 /* Resources */ = {
			isa = PBXResourcesBuildPhase;
			buildActionMask = 2147483647;
			files = (
				4E8A50232B9205E1000D1E64 /* Preview Assets.xcassets in Resources */,
				4E8A50202B9205E1000D1E64 /* Assets.xcassets in Resources */,
			);
			runOnlyForDeploymentPostprocessing = 0;
		};
		4E8A50262B9205E1000D1E64 /* Resources */ = {
			isa = PBXResourcesBuildPhase;
			buildActionMask = 2147483647;
			files = (
			);
			runOnlyForDeploymentPostprocessing = 0;
		};
		4E8A50302B9205E1000D1E64 /* Resources */ = {
			isa = PBXResourcesBuildPhase;
			buildActionMask = 2147483647;
			files = (
			);
			runOnlyForDeploymentPostprocessing = 0;
		};
/* End PBXResourcesBuildPhase section */

/* Begin PBXSourcesBuildPhase section */
		4E8A50142B9205DD000D1E64 /* Sources */ = {
			isa = PBXSourcesBuildPhase;
			buildActionMask = 2147483647;
			files = (
				4E8A50512B920C98000D1E64 /* CGPoint+Extensions.swift in Sources */,
				4E8A504A2B920A01000D1E64 /* Logger.swift in Sources */,
				4E8A501E2B9205DD000D1E64 /* ContentView.swift in Sources */,
				4E8A501C2B9205DD000D1E64 /* ImageCropperApp.swift in Sources */,
				4E8A504F2B920A92000D1E64 /* LogError.swift in Sources */,
				4E8A50482B920638000D1E64 /* ImageCropperView.swift in Sources */,
				4E8A50462B92061A000D1E64 /* ImageCropper.swift in Sources */,
			);
			runOnlyForDeploymentPostprocessing = 0;
		};
		4E8A50242B9205E1000D1E64 /* Sources */ = {
			isa = PBXSourcesBuildPhase;
			buildActionMask = 2147483647;
			files = (
				4E8A502D2B9205E1000D1E64 /* ImageCropperTests.swift in Sources */,
			);
			runOnlyForDeploymentPostprocessing = 0;
		};
		4E8A502E2B9205E1000D1E64 /* Sources */ = {
			isa = PBXSourcesBuildPhase;
			buildActionMask = 2147483647;
			files = (
				4E8A50392B9205E1000D1E64 /* ImageCropperUITestsLaunchTests.swift in Sources */,
				4E8A50372B9205E1000D1E64 /* ImageCropperUITests.swift in Sources */,
			);
			runOnlyForDeploymentPostprocessing = 0;
		};
/* End PBXSourcesBuildPhase section */

/* Begin PBXTargetDependency section */
		4E8A502A2B9205E1000D1E64 /* PBXTargetDependency */ = {
			isa = PBXTargetDependency;
			target = 4E8A50172B9205DD000D1E64 /* ImageCropper */;
			targetProxy = 4E8A50292B9205E1000D1E64 /* PBXContainerItemProxy */;
		};
		4E8A50342B9205E1000D1E64 /* PBXTargetDependency */ = {
			isa = PBXTargetDependency;
			target = 4E8A50172B9205DD000D1E64 /* ImageCropper */;
			targetProxy = 4E8A50332B9205E1000D1E64 /* PBXContainerItemProxy */;
		};
/* End PBXTargetDependency section */

/* Begin XCBuildConfiguration section */
		4E8A503A2B9205E1000D1E64 /* Debug */ = {
			isa = XCBuildConfiguration;
			buildSettings = {
				ALWAYS_SEARCH_USER_PATHS = NO;
				ASSETCATALOG_COMPILER_GENERATE_SWIFT_ASSET_SYMBOL_EXTENSIONS = YES;
				CLANG_ANALYZER_NONNULL = YES;
				CLANG_ANALYZER_NUMBER_OBJECT_CONVERSION = YES_AGGRESSIVE;
				CLANG_CXX_LANGUAGE_STANDARD = "gnu++20";
				CLANG_ENABLE_MODULES = YES;
				CLANG_ENABLE_OBJC_ARC = YES;
				CLANG_ENABLE_OBJC_WEAK = YES;
				CLANG_WARN_BLOCK_CAPTURE_AUTORELEASING = YES;
				CLANG_WARN_BOOL_CONVERSION = YES;
				CLANG_WARN_COMMA = YES;
				CLANG_WARN_CONSTANT_CONVERSION = YES;
				CLANG_WARN_DEPRECATED_OBJC_IMPLEMENTATIONS = YES;
				CLANG_WARN_DIRECT_OBJC_ISA_USAGE = YES_ERROR;
				CLANG_WARN_DOCUMENTATION_COMMENTS = YES;
				CLANG_WARN_EMPTY_BODY = YES;
				CLANG_WARN_ENUM_CONVERSION = YES;
				CLANG_WARN_INFINITE_RECURSION = YES;
				CLANG_WARN_INT_CONVERSION = YES;
				CLANG_WARN_NON_LITERAL_NULL_CONVERSION = YES;
				CLANG_WARN_OBJC_IMPLICIT_RETAIN_SELF = YES;
				CLANG_WARN_OBJC_LITERAL_CONVERSION = YES;
				CLANG_WARN_OBJC_ROOT_CLASS = YES_ERROR;
				CLANG_WARN_QUOTED_INCLUDE_IN_FRAMEWORK_HEADER = YES;
				CLANG_WARN_RANGE_LOOP_ANALYSIS = YES;
				CLANG_WARN_STRICT_PROTOTYPES = YES;
				CLANG_WARN_SUSPICIOUS_MOVE = YES;
				CLANG_WARN_UNGUARDED_AVAILABILITY = YES_AGGRESSIVE;
				CLANG_WARN_UNREACHABLE_CODE = YES;
				CLANG_WARN__DUPLICATE_METHOD_MATCH = YES;
				COPY_PHASE_STRIP = NO;
				DEBUG_INFORMATION_FORMAT = dwarf;
				ENABLE_STRICT_OBJC_MSGSEND = YES;
				ENABLE_TESTABILITY = YES;
				ENABLE_USER_SCRIPT_SANDBOXING = YES;
				GCC_C_LANGUAGE_STANDARD = gnu17;
				GCC_DYNAMIC_NO_PIC = NO;
				GCC_NO_COMMON_BLOCKS = YES;
				GCC_OPTIMIZATION_LEVEL = 0;
				GCC_PREPROCESSOR_DEFINITIONS = (
					"DEBUG=1",
					"$(inherited)",
				);
				GCC_WARN_64_TO_32_BIT_CONVERSION = YES;
				GCC_WARN_ABOUT_RETURN_TYPE = YES_ERROR;
				GCC_WARN_UNDECLARED_SELECTOR = YES;
				GCC_WARN_UNINITIALIZED_AUTOS = YES_AGGRESSIVE;
				GCC_WARN_UNUSED_FUNCTION = YES;
				GCC_WARN_UNUSED_VARIABLE = YES;
				IPHONEOS_DEPLOYMENT_TARGET = 17.2;
				LOCALIZATION_PREFERS_STRING_CATALOGS = YES;
				MTL_ENABLE_DEBUG_INFO = INCLUDE_SOURCE;
				MTL_FAST_MATH = YES;
				ONLY_ACTIVE_ARCH = YES;
				SDKROOT = iphoneos;
				SWIFT_ACTIVE_COMPILATION_CONDITIONS = "DEBUG $(inherited)";
				SWIFT_OPTIMIZATION_LEVEL = "-Onone";
			};
			name = Debug;
		};
		4E8A503B2B9205E1000D1E64 /* Release */ = {
			isa = XCBuildConfiguration;
			buildSettings = {
				ALWAYS_SEARCH_USER_PATHS = NO;
				ASSETCATALOG_COMPILER_GENERATE_SWIFT_ASSET_SYMBOL_EXTENSIONS = YES;
				CLANG_ANALYZER_NONNULL = YES;
				CLANG_ANALYZER_NUMBER_OBJECT_CONVERSION = YES_AGGRESSIVE;
				CLANG_CXX_LANGUAGE_STANDARD = "gnu++20";
				CLANG_ENABLE_MODULES = YES;
				CLANG_ENABLE_OBJC_ARC = YES;
				CLANG_ENABLE_OBJC_WEAK = YES;
				CLANG_WARN_BLOCK_CAPTURE_AUTORELEASING = YES;
				CLANG_WARN_BOOL_CONVERSION = YES;
				CLANG_WARN_COMMA = YES;
				CLANG_WARN_CONSTANT_CONVERSION = YES;
				CLANG_WARN_DEPRECATED_OBJC_IMPLEMENTATIONS = YES;
				CLANG_WARN_DIRECT_OBJC_ISA_USAGE = YES_ERROR;
				CLANG_WARN_DOCUMENTATION_COMMENTS = YES;
				CLANG_WARN_EMPTY_BODY = YES;
				CLANG_WARN_ENUM_CONVERSION = YES;
				CLANG_WARN_INFINITE_RECURSION = YES;
				CLANG_WARN_INT_CONVERSION = YES;
				CLANG_WARN_NON_LITERAL_NULL_CONVERSION = YES;
				CLANG_WARN_OBJC_IMPLICIT_RETAIN_SELF = YES;
				CLANG_WARN_OBJC_LITERAL_CONVERSION = YES;
				CLANG_WARN_OBJC_ROOT_CLASS = YES_ERROR;
				CLANG_WARN_QUOTED_INCLUDE_IN_FRAMEWORK_HEADER = YES;
				CLANG_WARN_RANGE_LOOP_ANALYSIS = YES;
				CLANG_WARN_STRICT_PROTOTYPES = YES;
				CLANG_WARN_SUSPICIOUS_MOVE = YES;
				CLANG_WARN_UNGUARDED_AVAILABILITY = YES_AGGRESSIVE;
				CLANG_WARN_UNREACHABLE_CODE = YES;
				CLANG_WARN__DUPLICATE_METHOD_MATCH = YES;
				COPY_PHASE_STRIP = NO;
				DEBUG_INFORMATION_FORMAT = "dwarf-with-dsym";
				ENABLE_NS_ASSERTIONS = NO;
				ENABLE_STRICT_OBJC_MSGSEND = YES;
				ENABLE_USER_SCRIPT_SANDBOXING = YES;
				GCC_C_LANGUAGE_STANDARD = gnu17;
				GCC_NO_COMMON_BLOCKS = YES;
				GCC_WARN_64_TO_32_BIT_CONVERSION = YES;
				GCC_WARN_ABOUT_RETURN_TYPE = YES_ERROR;
				GCC_WARN_UNDECLARED_SELECTOR = YES;
				GCC_WARN_UNINITIALIZED_AUTOS = YES_AGGRESSIVE;
				GCC_WARN_UNUSED_FUNCTION = YES;
				GCC_WARN_UNUSED_VARIABLE = YES;
				IPHONEOS_DEPLOYMENT_TARGET = 17.2;
				LOCALIZATION_PREFERS_STRING_CATALOGS = YES;
				MTL_ENABLE_DEBUG_INFO = NO;
				MTL_FAST_MATH = YES;
				SDKROOT = iphoneos;
				SWIFT_COMPILATION_MODE = wholemodule;
				VALIDATE_PRODUCT = YES;
			};
			name = Release;
		};
		4E8A503D2B9205E1000D1E64 /* Debug */ = {
			isa = XCBuildConfiguration;
			buildSettings = {
				ASSETCATALOG_COMPILER_APPICON_NAME = AppIcon;
				ASSETCATALOG_COMPILER_GLOBAL_ACCENT_COLOR_NAME = AccentColor;
				CODE_SIGN_STYLE = Automatic;
				CURRENT_PROJECT_VERSION = 1;
				DEVELOPMENT_ASSET_PATHS = "\"ImageCropper/Preview Content\"";
				DEVELOPMENT_TEAM = UVN24Z98MJ;
				ENABLE_PREVIEWS = YES;
				GENERATE_INFOPLIST_FILE = YES;
				INFOPLIST_KEY_UIApplicationSceneManifest_Generation = YES;
				INFOPLIST_KEY_UIApplicationSupportsIndirectInputEvents = YES;
				INFOPLIST_KEY_UILaunchScreen_Generation = YES;
				INFOPLIST_KEY_UISupportedInterfaceOrientations_iPad = "UIInterfaceOrientationPortrait UIInterfaceOrientationPortraitUpsideDown UIInterfaceOrientationLandscapeLeft UIInterfaceOrientationLandscapeRight";
				INFOPLIST_KEY_UISupportedInterfaceOrientations_iPhone = "UIInterfaceOrientationPortrait UIInterfaceOrientationLandscapeLeft UIInterfaceOrientationLandscapeRight";
				LD_RUNPATH_SEARCH_PATHS = (
					"$(inherited)",
					"@executable_path/Frameworks",
				);
				MARKETING_VERSION = 1.0;
				PRODUCT_BUNDLE_IDENTIFIER = com.kocaatli.imageCropper.ImageCropper;
				PRODUCT_NAME = "$(TARGET_NAME)";
				SWIFT_EMIT_LOC_STRINGS = YES;
				SWIFT_VERSION = 5.0;
				TARGETED_DEVICE_FAMILY = "1,2";
			};
			name = Debug;
		};
		4E8A503E2B9205E1000D1E64 /* Release */ = {
			isa = XCBuildConfiguration;
			buildSettings = {
				ASSETCATALOG_COMPILER_APPICON_NAME = AppIcon;
				ASSETCATALOG_COMPILER_GLOBAL_ACCENT_COLOR_NAME = AccentColor;
				CODE_SIGN_STYLE = Automatic;
				CURRENT_PROJECT_VERSION = 1;
				DEVELOPMENT_ASSET_PATHS = "\"ImageCropper/Preview Content\"";
				DEVELOPMENT_TEAM = UVN24Z98MJ;
				ENABLE_PREVIEWS = YES;
				GENERATE_INFOPLIST_FILE = YES;
				INFOPLIST_KEY_UIApplicationSceneManifest_Generation = YES;
				INFOPLIST_KEY_UIApplicationSupportsIndirectInputEvents = YES;
				INFOPLIST_KEY_UILaunchScreen_Generation = YES;
				INFOPLIST_KEY_UISupportedInterfaceOrientations_iPad = "UIInterfaceOrientationPortrait UIInterfaceOrientationPortraitUpsideDown UIInterfaceOrientationLandscapeLeft UIInterfaceOrientationLandscapeRight";
				INFOPLIST_KEY_UISupportedInterfaceOrientations_iPhone = "UIInterfaceOrientationPortrait UIInterfaceOrientationLandscapeLeft UIInterfaceOrientationLandscapeRight";
				LD_RUNPATH_SEARCH_PATHS = (
					"$(inherited)",
					"@executable_path/Frameworks",
				);
				MARKETING_VERSION = 1.0;
				PRODUCT_BUNDLE_IDENTIFIER = com.kocaatli.imageCropper.ImageCropper;
				PRODUCT_NAME = "$(TARGET_NAME)";
				SWIFT_EMIT_LOC_STRINGS = YES;
				SWIFT_VERSION = 5.0;
				TARGETED_DEVICE_FAMILY = "1,2";
			};
			name = Release;
		};
		4E8A50402B9205E2000D1E64 /* Debug */ = {
			isa = XCBuildConfiguration;
			buildSettings = {
				ALWAYS_EMBED_SWIFT_STANDARD_LIBRARIES = YES;
				BUNDLE_LOADER = "$(TEST_HOST)";
				CODE_SIGN_STYLE = Automatic;
				CURRENT_PROJECT_VERSION = 1;
				DEVELOPMENT_TEAM = UVN24Z98MJ;
				GENERATE_INFOPLIST_FILE = YES;
				IPHONEOS_DEPLOYMENT_TARGET = 17.2;
				MARKETING_VERSION = 1.0;
				PRODUCT_BUNDLE_IDENTIFIER = com.kocaatli.imageCropper.ImageCropperTests;
				PRODUCT_NAME = "$(TARGET_NAME)";
				SWIFT_EMIT_LOC_STRINGS = NO;
				SWIFT_VERSION = 5.0;
				TARGETED_DEVICE_FAMILY = "1,2";
				TEST_HOST = "$(BUILT_PRODUCTS_DIR)/ImageCropper.app/$(BUNDLE_EXECUTABLE_FOLDER_PATH)/ImageCropper";
			};
			name = Debug;
		};
		4E8A50412B9205E2000D1E64 /* Release */ = {
			isa = XCBuildConfiguration;
			buildSettings = {
				ALWAYS_EMBED_SWIFT_STANDARD_LIBRARIES = YES;
				BUNDLE_LOADER = "$(TEST_HOST)";
				CODE_SIGN_STYLE = Automatic;
				CURRENT_PROJECT_VERSION = 1;
				DEVELOPMENT_TEAM = UVN24Z98MJ;
				GENERATE_INFOPLIST_FILE = YES;
				IPHONEOS_DEPLOYMENT_TARGET = 17.2;
				MARKETING_VERSION = 1.0;
				PRODUCT_BUNDLE_IDENTIFIER = com.kocaatli.imageCropper.ImageCropperTests;
				PRODUCT_NAME = "$(TARGET_NAME)";
				SWIFT_EMIT_LOC_STRINGS = NO;
				SWIFT_VERSION = 5.0;
				TARGETED_DEVICE_FAMILY = "1,2";
				TEST_HOST = "$(BUILT_PRODUCTS_DIR)/ImageCropper.app/$(BUNDLE_EXECUTABLE_FOLDER_PATH)/ImageCropper";
			};
			name = Release;
		};
		4E8A50432B9205E2000D1E64 /* Debug */ = {
			isa = XCBuildConfiguration;
			buildSettings = {
				ALWAYS_EMBED_SWIFT_STANDARD_LIBRARIES = YES;
				CODE_SIGN_STYLE = Automatic;
				CURRENT_PROJECT_VERSION = 1;
				DEVELOPMENT_TEAM = UVN24Z98MJ;
				GENERATE_INFOPLIST_FILE = YES;
				MARKETING_VERSION = 1.0;
				PRODUCT_BUNDLE_IDENTIFIER = com.kocaatli.imageCropper.ImageCropperUITests;
				PRODUCT_NAME = "$(TARGET_NAME)";
				SWIFT_EMIT_LOC_STRINGS = NO;
				SWIFT_VERSION = 5.0;
				TARGETED_DEVICE_FAMILY = "1,2";
				TEST_TARGET_NAME = ImageCropper;
			};
			name = Debug;
		};
		4E8A50442B9205E2000D1E64 /* Release */ = {
			isa = XCBuildConfiguration;
			buildSettings = {
				ALWAYS_EMBED_SWIFT_STANDARD_LIBRARIES = YES;
				CODE_SIGN_STYLE = Automatic;
				CURRENT_PROJECT_VERSION = 1;
				DEVELOPMENT_TEAM = UVN24Z98MJ;
				GENERATE_INFOPLIST_FILE = YES;
				MARKETING_VERSION = 1.0;
				PRODUCT_BUNDLE_IDENTIFIER = com.kocaatli.imageCropper.ImageCropperUITests;
				PRODUCT_NAME = "$(TARGET_NAME)";
				SWIFT_EMIT_LOC_STRINGS = NO;
				SWIFT_VERSION = 5.0;
				TARGETED_DEVICE_FAMILY = "1,2";
				TEST_TARGET_NAME = ImageCropper;
			};
			name = Release;
		};
/* End XCBuildConfiguration section */

/* Begin XCConfigurationList section */
		4E8A50132B9205DD000D1E64 /* Build configuration list for PBXProject "ImageCropper" */ = {
			isa = XCConfigurationList;
			buildConfigurations = (
				4E8A503A2B9205E1000D1E64 /* Debug */,
				4E8A503B2B9205E1000D1E64 /* Release */,
			);
			defaultConfigurationIsVisible = 0;
			defaultConfigurationName = Release;
		};
		4E8A503C2B9205E1000D1E64 /* Build configuration list for PBXNativeTarget "ImageCropper" */ = {
			isa = XCConfigurationList;
			buildConfigurations = (
				4E8A503D2B9205E1000D1E64 /* Debug */,
				4E8A503E2B9205E1000D1E64 /* Release */,
			);
			defaultConfigurationIsVisible = 0;
			defaultConfigurationName = Release;
		};
		4E8A503F2B9205E2000D1E64 /* Build configuration list for PBXNativeTarget "ImageCropperTests" */ = {
			isa = XCConfigurationList;
			buildConfigurations = (
				4E8A50402B9205E2000D1E64 /* Debug */,
				4E8A50412B9205E2000D1E64 /* Release */,
			);
			defaultConfigurationIsVisible = 0;
			defaultConfigurationName = Release;
		};
		4E8A50422B9205E2000D1E64 /* Build configuration list for PBXNativeTarget "ImageCropperUITests" */ = {
			isa = XCConfigurationList;
			buildConfigurations = (
				4E8A50432B9205E2000D1E64 /* Debug */,
				4E8A50442B9205E2000D1E64 /* Release */,
			);
			defaultConfigurationIsVisible = 0;
			defaultConfigurationName = Release;
		};
/* End XCConfigurationList section */

/* Begin XCRemoteSwiftPackageReference section */
		4E8A504B2B920A50000D1E64 /* XCRemoteSwiftPackageReference "SwiftyBeaver" */ = {
			isa = XCRemoteSwiftPackageReference;
			repositoryURL = "https://github.com/SwiftyBeaver/SwiftyBeaver";
			requirement = {
				kind = exactVersion;
				version = 2.0.0;
			};
		};
/* End XCRemoteSwiftPackageReference section */

/* Begin XCSwiftPackageProductDependency section */
		4E8A504C2B920A50000D1E64 /* SwiftyBeaver */ = {
			isa = XCSwiftPackageProductDependency;
			package = 4E8A504B2B920A50000D1E64 /* XCRemoteSwiftPackageReference "SwiftyBeaver" */;
			productName = SwiftyBeaver;
		};
/* End XCSwiftPackageProductDependency section */
	};
	rootObject = 4E8A50102B9205DD000D1E64 /* Project object */;
}
